// !$*UTF8*$!
{
	archiveVersion = 1;
	classes = {
	};
	objectVersion = 46;
	objects = {

/* Begin PBXBuildFile section */
		3FBAF13617C14474009F4094 /* UIKit.framework in Frameworks */ = {isa = PBXBuildFile; fileRef = 3FBAF13517C14474009F4094 /* UIKit.framework */; };
		3FBAF13817C14474009F4094 /* Foundation.framework in Frameworks */ = {isa = PBXBuildFile; fileRef = 3FBAF13717C14474009F4094 /* Foundation.framework */; };
		3FBAF13A17C14474009F4094 /* CoreGraphics.framework in Frameworks */ = {isa = PBXBuildFile; fileRef = 3FBAF13917C14474009F4094 /* CoreGraphics.framework */; };
		3FBAF14017C14474009F4094 /* InfoPlist.strings in Resources */ = {isa = PBXBuildFile; fileRef = 3FBAF13E17C14474009F4094 /* InfoPlist.strings */; };
		3FBAF14217C14474009F4094 /* main.m in Sources */ = {isa = PBXBuildFile; fileRef = 3FBAF14117C14474009F4094 /* main.m */; };
		3FBAF14617C14474009F4094 /* AppDelegate.m in Sources */ = {isa = PBXBuildFile; fileRef = 3FBAF14517C14474009F4094 /* AppDelegate.m */; };
		3FBAF14817C14474009F4094 /* Default.png in Resources */ = {isa = PBXBuildFile; fileRef = 3FBAF14717C14474009F4094 /* Default.png */; };
		3FBAF14A17C14474009F4094 /* Default@2x.png in Resources */ = {isa = PBXBuildFile; fileRef = 3FBAF14917C14474009F4094 /* Default@2x.png */; };
		3FBAF14C17C14474009F4094 /* Default-568h@2x.png in Resources */ = {isa = PBXBuildFile; fileRef = 3FBAF14B17C14474009F4094 /* Default-568h@2x.png */; };
		3FBAF14F17C14474009F4094 /* ViewController.m in Sources */ = {isa = PBXBuildFile; fileRef = 3FBAF14E17C14474009F4094 /* ViewController.m */; };
		3FBAF15217C14474009F4094 /* ViewController.xib in Resources */ = {isa = PBXBuildFile; fileRef = 3FBAF15017C14474009F4094 /* ViewController.xib */; };
/* End PBXBuildFile section */

/* Begin PBXFileReference section */
		3FBAF13217C14474009F4094 /* Project3.app */ = {isa = PBXFileReference; explicitFileType = wrapper.application; includeInIndex = 0; path = Project3.app; sourceTree = BUILT_PRODUCTS_DIR; };
		3FBAF13517C14474009F4094 /* UIKit.framework */ = {isa = PBXFileReference; lastKnownFileType = wrapper.framework; name = UIKit.framework; path = System/Library/Frameworks/UIKit.framework; sourceTree = SDKROOT; };
		3FBAF13717C14474009F4094 /* Foundation.framework */ = {isa = PBXFileReference; lastKnownFileType = wrapper.framework; name = Foundation.framework; path = System/Library/Frameworks/Foundation.framework; sourceTree = SDKROOT; };
		3FBAF13917C14474009F4094 /* CoreGraphics.framework */ = {isa = PBXFileReference; lastKnownFileType = wrapper.framework; name = CoreGraphics.framework; path = System/Library/Frameworks/CoreGraphics.framework; sourceTree = SDKROOT; };
		3FBAF13D17C14474009F4094 /* Project3-Info.plist */ = {isa = PBXFileReference; lastKnownFileType = text.plist.xml; path = "Project3-Info.plist"; sourceTree = "<group>"; };
		3FBAF13F17C14474009F4094 /* en */ = {isa = PBXFileReference; lastKnownFileType = text.plist.strings; name = en; path = en.lproj/InfoPlist.strings; sourceTree = "<group>"; };
		3FBAF14117C14474009F4094 /* main.m */ = {isa = PBXFileReference; lastKnownFileType = sourcecode.c.objc; path = main.m; sourceTree = "<group>"; };
		3FBAF14317C14474009F4094 /* Project3-Prefix.pch */ = {isa = PBXFileReference; lastKnownFileType = sourcecode.c.h; path = "Project3-Prefix.pch"; sourceTree = "<group>"; };
		3FBAF14417C14474009F4094 /* AppDelegate.h */ = {isa = PBXFileReference; lastKnownFileType = sourcecode.c.h; path = AppDelegate.h; sourceTree = "<group>"; };
		3FBAF14517C14474009F4094 /* AppDelegate.m */ = {isa = PBXFileReference; lastKnownFileType = sourcecode.c.objc; path = AppDelegate.m; sourceTree = "<group>"; };
		3FBAF14717C14474009F4094 /* Default.png */ = {isa = PBXFileReference; lastKnownFileType = image.png; path = Default.png; sourceTree = "<group>"; };
		3FBAF14917C14474009F4094 /* Default@2x.png */ = {isa = PBXFileReference; lastKnownFileType = image.png; path = "Default@2x.png"; sourceTree = "<group>"; };
		3FBAF14B17C14474009F4094 /* Default-568h@2x.png */ = {isa = PBXFileReference; lastKnownFileType = image.png; path = "Default-568h@2x.png"; sourceTree = "<group>"; };
		3FBAF14D17C14474009F4094 /* ViewController.h */ = {isa = PBXFileReference; lastKnownFileType = sourcecode.c.h; path = ViewController.h; sourceTree = "<group>"; };
		3FBAF14E17C14474009F4094 /* ViewController.m */ = {isa = PBXFileReference; lastKnownFileType = sourcecode.c.objc; path = ViewController.m; sourceTree = "<group>"; };
		3FBAF15117C14474009F4094 /* en */ = {isa = PBXFileReference; lastKnownFileType = file.xib; name = en; path = en.lproj/ViewController.xib; sourceTree = "<group>"; };
/* End PBXFileReference section */

/* Begin PBXFrameworksBuildPhase section */
		3FBAF12F17C14474009F4094 /* Frameworks */ = {
			isa = PBXFrameworksBuildPhase;
			buildActionMask = 2147483647;
			files = (
				3FBAF13617C14474009F4094 /* UIKit.framework in Frameworks */,
				3FBAF13817C14474009F4094 /* Foundation.framework in Frameworks */,
				3FBAF13A17C14474009F4094 /* CoreGraphics.framework in Frameworks */,
			);
			runOnlyForDeploymentPostprocessing = 0;
		};
/* End PBXFrameworksBuildPhase section */

/* Begin PBXGroup section */
		3FBAF12917C14474009F4094 = {
			isa = PBXGroup;
			children = (
				3FBAF13B17C14474009F4094 /* Project3 */,
				3FBAF13417C14474009F4094 /* Frameworks */,
				3FBAF13317C14474009F4094 /* Products */,
			);
			sourceTree = "<group>";
		};
		3FBAF13317C14474009F4094 /* Products */ = {
			isa = PBXGroup;
			children = (
				3FBAF13217C14474009F4094 /* Project3.app */,
			);
			name = Products;
			sourceTree = "<group>";
		};
		3FBAF13417C14474009F4094 /* Frameworks */ = {
			isa = PBXGroup;
			children = (
				3FBAF13517C14474009F4094 /* UIKit.framework */,
				3FBAF13717C14474009F4094 /* Foundation.framework */,
				3FBAF13917C14474009F4094 /* CoreGraphics.framework */,
			);
			name = Frameworks;
			sourceTree = "<group>";
		};
		3FBAF13B17C14474009F4094 /* Project3 */ = {
			isa = PBXGroup;
			children = (
				3FBAF14417C14474009F4094 /* AppDelegate.h */,
				3FBAF14517C14474009F4094 /* AppDelegate.m */,
				3FBAF14D17C14474009F4094 /* ViewController.h */,
				3FBAF14E17C14474009F4094 /* ViewController.m */,
				3FBAF15017C14474009F4094 /* ViewController.xib */,
				3FBAF13C17C14474009F4094 /* Supporting Files */,
			);
			path = Project3;
			sourceTree = "<group>";
		};
		3FBAF13C17C14474009F4094 /* Supporting Files */ = {
			isa = PBXGroup;
			children = (
				3FBAF13D17C14474009F4094 /* Project3-Info.plist */,
				3FBAF13E17C14474009F4094 /* InfoPlist.strings */,
				3FBAF14117C14474009F4094 /* main.m */,
				3FBAF14317C14474009F4094 /* Project3-Prefix.pch */,
				3FBAF14717C14474009F4094 /* Default.png */,
				3FBAF14917C14474009F4094 /* Default@2x.png */,
				3FBAF14B17C14474009F4094 /* Default-568h@2x.png */,
			);
			name = "Supporting Files";
			sourceTree = "<group>";
		};
/* End PBXGroup section */

/* Begin PBXNativeTarget section */
		3FBAF13117C14474009F4094 /* Project3 */ = {
			isa = PBXNativeTarget;
			buildConfigurationList = 3FBAF15517C14474009F4094 /* Build configuration list for PBXNativeTarget "Project3" */;
			buildPhases = (
				3FBAF12E17C14474009F4094 /* Sources */,
				3FBAF12F17C14474009F4094 /* Frameworks */,
				3FBAF13017C14474009F4094 /* Resources */,
			);
			buildRules = (
			);
			dependencies = (
			);
			name = Project3;
			productName = Project3;
			productReference = 3FBAF13217C14474009F4094 /* Project3.app */;
			productType = "com.apple.product-type.application";
		};
/* End PBXNativeTarget section */

/* Begin PBXProject section */
		3FBAF12A17C14474009F4094 /* Project object */ = {
			isa = PBXProject;
			attributes = {
				LastUpgradeCheck = 0460;
				ORGANIZATIONNAME = "Wesley Seago";
			};
			buildConfigurationList = 3FBAF12D17C14474009F4094 /* Build configuration list for PBXProject "Project3" */;
			compatibilityVersion = "Xcode 3.2";
			developmentRegion = English;
			hasScannedForEncodings = 0;
			knownRegions = (
				en,
			);
			mainGroup = 3FBAF12917C14474009F4094;
			productRefGroup = 3FBAF13317C14474009F4094 /* Products */;
			projectDirPath = "";
			projectRoot = "";
			targets = (
				3FBAF13117C14474009F4094 /* Project3 */,
			);
		};
/* End PBXProject section */

/* Begin PBXResourcesBuildPhase section */
		3FBAF13017C14474009F4094 /* Resources */ = {
			isa = PBXResourcesBuildPhase;
			buildActionMask = 2147483647;
			files = (
				3FBAF14017C14474009F4094 /* InfoPlist.strings in Resources */,
				3FBAF14817C14474009F4094 /* Default.png in Resources */,
				3FBAF14A17C14474009F4094 /* Default@2x.png in Resources */,
				3FBAF14C17C14474009F4094 /* Default-568h@2x.png in Resources */,
				3FBAF15217C14474009F4094 /* ViewController.xib in Resources */,
			);
			runOnlyForDeploymentPostprocessing = 0;
		};
/* End PBXResourcesBuildPhase section */

/* Begin PBXSourcesBuildPhase section */
		3FBAF12E17C14474009F4094 /* Sources */ = {
			isa = PBXSourcesBuildPhase;
			buildActionMask = 2147483647;
			files = (
				3FBAF14217C14474009F4094 /* main.m in Sources */,
				3FBAF14617C14474009F4094 /* AppDelegate.m in Sources */,
				3FBAF14F17C14474009F4094 /* ViewController.m in Sources */,
			);
			runOnlyForDeploymentPostprocessing = 0;
		};
/* End PBXSourcesBuildPhase section */

/* Begin PBXVariantGroup section */
		3FBAF13E17C14474009F4094 /* InfoPlist.strings */ = {
			isa = PBXVariantGroup;
			children = (
				3FBAF13F17C14474009F4094 /* en */,
			);
			name = InfoPlist.strings;
			sourceTree = "<group>";
		};
		3FBAF15017C14474009F4094 /* ViewController.xib */ = {
			isa = PBXVariantGroup;
			children = (
				3FBAF15117C14474009F4094 /* en */,
			);
			name = ViewController.xib;
			sourceTree = "<group>";
		};
/* End PBXVariantGroup section */

/* Begin XCBuildConfiguration section */
		3FBAF15317C14474009F4094 /* Debug */ = {
			isa = XCBuildConfiguration;
			buildSettings = {
				ALWAYS_SEARCH_USER_PATHS = NO;
				CLANG_CXX_LANGUAGE_STANDARD = "gnu++0x";
				CLANG_CXX_LIBRARY = "libc++";
				CLANG_WARN_CONSTANT_CONVERSION = YES;
				CLANG_WARN_EMPTY_BODY = YES;
				CLANG_WARN_ENUM_CONVERSION = YES;
				CLANG_WARN_INT_CONVERSION = YES;
				CLANG_WARN__DUPLICATE_METHOD_MATCH = YES;
				"CODE_SIGN_IDENTITY[sdk=iphoneos*]" = "iPhone Developer";
				COPY_PHASE_STRIP = NO;
				GCC_C_LANGUAGE_STANDARD = gnu99;
				GCC_DYNAMIC_NO_PIC = NO;
				GCC_OPTIMIZATION_LEVEL = 0;
				GCC_PREPROCESSOR_DEFINITIONS = (
					"DEBUG=1",
					"$(inherited)",
				);
				GCC_SYMBOLS_PRIVATE_EXTERN = NO;
				GCC_WARN_ABOUT_RETURN_TYPE = YES;
				GCC_WARN_UNINITIALIZED_AUTOS = YES;
				GCC_WARN_UNUSED_VARIABLE = YES;
				IPHONEOS_DEPLOYMENT_TARGET = 6.1;
				ONLY_ACTIVE_ARCH = YES;
				SDKROOT = iphoneos;
			};
			name = Debug;
		};
		3FBAF15417C14474009F4094 /* Release */ = {
			isa = XCBuildConfiguration;
			buildSettings = {
				ALWAYS_SEARCH_USER_PATHS = NO;
				CLANG_CXX_LANGUAGE_STANDARD = "gnu++0x";
				CLANG_CXX_LIBRARY = "libc++";
				CLANG_WARN_CONSTANT_CONVERSION = YES;
				CLANG_WARN_EMPTY_BODY = YES;
				CLANG_WARN_ENUM_CONVERSION = YES;
				CLANG_WARN_INT_CONVERSION = YES;
				CLANG_WARN__DUPLICATE_METHOD_MATCH = YES;
				"CODE_SIGN_IDENTITY[sdk=iphoneos*]" = "iPhone Developer";
				COPY_PHASE_STRIP = YES;
				GCC_C_LANGUAGE_STANDARD = gnu99;
				GCC_WARN_ABOUT_RETURN_TYPE = YES;
				GCC_WARN_UNINITIALIZED_AUTOS = YES;
				GCC_WARN_UNUSED_VARIABLE = YES;
				IPHONEOS_DEPLOYMENT_TARGET = 6.1;
				OTHER_CFLAGS = "-DNS_BLOCK_ASSERTIONS=1";
				SDKROOT = iphoneos;
				VALIDATE_PRODUCT = YES;
			};
			name = Release;
		};
		3FBAF15617C14474009F4094 /* Debug */ = {
			isa = XCBuildConfiguration;
			buildSettings = {
				GCC_PRECOMPILE_PREFIX_HEADER = YES;
				GCC_PREFIX_HEADER = "Project3/Project3-Prefix.pch";
				INFOPLIST_FILE = "Project3/Project3-Info.plist";
				PRODUCT_NAME = "$(TARGET_NAME)";
				WRAPPER_EXTENSION = app;
			};
			name = Debug;
		};
		3FBAF15717C14474009F4094 /* Release */ = {
			isa = XCBuildConfiguration;
			buildSettings = {
				GCC_PRECOMPILE_PREFIX_HEADER = YES;
				GCC_PREFIX_HEADER = "Project3/Project3-Prefix.pch";
				INFOPLIST_FILE = "Project3/Project3-Info.plist";
				PRODUCT_NAME = "$(TARGET_NAME)";
				WRAPPER_EXTENSION = app;
			};
			name = Release;
		};
/* End XCBuildConfiguration section */

/* Begin XCConfigurationList section */
		3FBAF12D17C14474009F4094 /* Build configuration list for PBXProject "Project3" */ = {
			isa = XCConfigurationList;
			buildConfigurations = (
				3FBAF15317C14474009F4094 /* Debug */,
				3FBAF15417C14474009F4094 /* Release */,
			);
			defaultConfigurationIsVisible = 0;
			defaultConfigurationName = Release;
		};
		3FBAF15517C14474009F4094 /* Build configuration list for PBXNativeTarget "Project3" */ = {
			isa = XCConfigurationList;
			buildConfigurations = (
				3FBAF15617C14474009F4094 /* Debug */,
				3FBAF15717C14474009F4094 /* Release */,
			);
			defaultConfigurationIsVisible = 0;
		};
/* End XCConfigurationList section */
	};
	rootObject = 3FBAF12A17C14474009F4094 /* Project object */;
}
