// !$*UTF8*$!
{
	archiveVersion = 1;
	classes = {
	};
	objectVersion = 46;
	objects = {

/* Begin PBXBuildFile section */
		3F1C9B5617B5A36B00CD5C88 /* UIKit.framework in Frameworks */ = {isa = PBXBuildFile; fileRef = 3F1C9B5517B5A36B00CD5C88 /* UIKit.framework */; };
		3F1C9B5817B5A36B00CD5C88 /* Foundation.framework in Frameworks */ = {isa = PBXBuildFile; fileRef = 3F1C9B5717B5A36B00CD5C88 /* Foundation.framework */; };
		3F1C9B5A17B5A36B00CD5C88 /* CoreGraphics.framework in Frameworks */ = {isa = PBXBuildFile; fileRef = 3F1C9B5917B5A36B00CD5C88 /* CoreGraphics.framework */; };
		3F1C9B6017B5A36B00CD5C88 /* InfoPlist.strings in Resources */ = {isa = PBXBuildFile; fileRef = 3F1C9B5E17B5A36B00CD5C88 /* InfoPlist.strings */; };
		3F1C9B6217B5A36B00CD5C88 /* main.m in Sources */ = {isa = PBXBuildFile; fileRef = 3F1C9B6117B5A36B00CD5C88 /* main.m */; };
		3F1C9B6617B5A36B00CD5C88 /* AppDelegate.m in Sources */ = {isa = PBXBuildFile; fileRef = 3F1C9B6517B5A36B00CD5C88 /* AppDelegate.m */; };
		3F1C9B6817B5A36B00CD5C88 /* Default.png in Resources */ = {isa = PBXBuildFile; fileRef = 3F1C9B6717B5A36B00CD5C88 /* Default.png */; };
		3F1C9B6A17B5A36B00CD5C88 /* Default@2x.png in Resources */ = {isa = PBXBuildFile; fileRef = 3F1C9B6917B5A36B00CD5C88 /* Default@2x.png */; };
		3F1C9B6C17B5A36B00CD5C88 /* Default-568h@2x.png in Resources */ = {isa = PBXBuildFile; fileRef = 3F1C9B6B17B5A36B00CD5C88 /* Default-568h@2x.png */; };
		3F1C9B6F17B5A36B00CD5C88 /* ViewController.m in Sources */ = {isa = PBXBuildFile; fileRef = 3F1C9B6E17B5A36B00CD5C88 /* ViewController.m */; };
		3F1C9B7217B5A36B00CD5C88 /* ViewController.xib in Resources */ = {isa = PBXBuildFile; fileRef = 3F1C9B7017B5A36B00CD5C88 /* ViewController.xib */; };
		3F1C9B7A17B5A81F00CD5C88 /* baseCamera.m in Sources */ = {isa = PBXBuildFile; fileRef = 3F1C9B7917B5A81F00CD5C88 /* baseCamera.m */; };
		3F1C9B7D17B5AC0C00CD5C88 /* cameraFactory.m in Sources */ = {isa = PBXBuildFile; fileRef = 3F1C9B7C17B5AC0C00CD5C88 /* cameraFactory.m */; };
		3F1C9B8017B5AF7700CD5C88 /* planetaryCamera.m in Sources */ = {isa = PBXBuildFile; fileRef = 3F1C9B7F17B5AF7700CD5C88 /* planetaryCamera.m */; };
		3F1C9B8317B5AF9100CD5C88 /* deepSpaceCamera.m in Sources */ = {isa = PBXBuildFile; fileRef = 3F1C9B8217B5AF9100CD5C88 /* deepSpaceCamera.m */; };
		3F1C9B8617B5AF9F00CD5C88 /* SLRCamera.m in Sources */ = {isa = PBXBuildFile; fileRef = 3F1C9B8517B5AF9F00CD5C88 /* SLRCamera.m */; };
/* End PBXBuildFile section */

/* Begin PBXFileReference section */
		3F1C9B5217B5A36B00CD5C88 /* AstroCamera.app */ = {isa = PBXFileReference; explicitFileType = wrapper.application; includeInIndex = 0; path = AstroCamera.app; sourceTree = BUILT_PRODUCTS_DIR; };
		3F1C9B5517B5A36B00CD5C88 /* UIKit.framework */ = {isa = PBXFileReference; lastKnownFileType = wrapper.framework; name = UIKit.framework; path = System/Library/Frameworks/UIKit.framework; sourceTree = SDKROOT; };
		3F1C9B5717B5A36B00CD5C88 /* Foundation.framework */ = {isa = PBXFileReference; lastKnownFileType = wrapper.framework; name = Foundation.framework; path = System/Library/Frameworks/Foundation.framework; sourceTree = SDKROOT; };
		3F1C9B5917B5A36B00CD5C88 /* CoreGraphics.framework */ = {isa = PBXFileReference; lastKnownFileType = wrapper.framework; name = CoreGraphics.framework; path = System/Library/Frameworks/CoreGraphics.framework; sourceTree = SDKROOT; };
		3F1C9B5D17B5A36B00CD5C88 /* AstroCamera-Info.plist */ = {isa = PBXFileReference; lastKnownFileType = text.plist.xml; path = "AstroCamera-Info.plist"; sourceTree = "<group>"; };
		3F1C9B5F17B5A36B00CD5C88 /* en */ = {isa = PBXFileReference; lastKnownFileType = text.plist.strings; name = en; path = en.lproj/InfoPlist.strings; sourceTree = "<group>"; };
		3F1C9B6117B5A36B00CD5C88 /* main.m */ = {isa = PBXFileReference; lastKnownFileType = sourcecode.c.objc; path = main.m; sourceTree = "<group>"; };
		3F1C9B6317B5A36B00CD5C88 /* AstroCamera-Prefix.pch */ = {isa = PBXFileReference; lastKnownFileType = sourcecode.c.h; path = "AstroCamera-Prefix.pch"; sourceTree = "<group>"; };
		3F1C9B6417B5A36B00CD5C88 /* AppDelegate.h */ = {isa = PBXFileReference; lastKnownFileType = sourcecode.c.h; path = AppDelegate.h; sourceTree = "<group>"; };
		3F1C9B6517B5A36B00CD5C88 /* AppDelegate.m */ = {isa = PBXFileReference; lastKnownFileType = sourcecode.c.objc; path = AppDelegate.m; sourceTree = "<group>"; };
		3F1C9B6717B5A36B00CD5C88 /* Default.png */ = {isa = PBXFileReference; lastKnownFileType = image.png; path = Default.png; sourceTree = "<group>"; };
		3F1C9B6917B5A36B00CD5C88 /* Default@2x.png */ = {isa = PBXFileReference; lastKnownFileType = image.png; path = "Default@2x.png"; sourceTree = "<group>"; };
		3F1C9B6B17B5A36B00CD5C88 /* Default-568h@2x.png */ = {isa = PBXFileReference; lastKnownFileType = image.png; path = "Default-568h@2x.png"; sourceTree = "<group>"; };
		3F1C9B6D17B5A36B00CD5C88 /* ViewController.h */ = {isa = PBXFileReference; lastKnownFileType = sourcecode.c.h; path = ViewController.h; sourceTree = "<group>"; };
		3F1C9B6E17B5A36B00CD5C88 /* ViewController.m */ = {isa = PBXFileReference; lastKnownFileType = sourcecode.c.objc; path = ViewController.m; sourceTree = "<group>"; };
		3F1C9B7117B5A36B00CD5C88 /* en */ = {isa = PBXFileReference; lastKnownFileType = file.xib; name = en; path = en.lproj/ViewController.xib; sourceTree = "<group>"; };
		3F1C9B7817B5A81F00CD5C88 /* baseCamera.h */ = {isa = PBXFileReference; fileEncoding = 4; lastKnownFileType = sourcecode.c.h; path = baseCamera.h; sourceTree = "<group>"; };
		3F1C9B7917B5A81F00CD5C88 /* baseCamera.m */ = {isa = PBXFileReference; fileEncoding = 4; lastKnownFileType = sourcecode.c.objc; path = baseCamera.m; sourceTree = "<group>"; };
		3F1C9B7B17B5AC0C00CD5C88 /* cameraFactory.h */ = {isa = PBXFileReference; fileEncoding = 4; lastKnownFileType = sourcecode.c.h; path = cameraFactory.h; sourceTree = "<group>"; };
		3F1C9B7C17B5AC0C00CD5C88 /* cameraFactory.m */ = {isa = PBXFileReference; fileEncoding = 4; lastKnownFileType = sourcecode.c.objc; path = cameraFactory.m; sourceTree = "<group>"; };
		3F1C9B7E17B5AF7700CD5C88 /* planetaryCamera.h */ = {isa = PBXFileReference; fileEncoding = 4; lastKnownFileType = sourcecode.c.h; path = planetaryCamera.h; sourceTree = "<group>"; };
		3F1C9B7F17B5AF7700CD5C88 /* planetaryCamera.m */ = {isa = PBXFileReference; fileEncoding = 4; lastKnownFileType = sourcecode.c.objc; path = planetaryCamera.m; sourceTree = "<group>"; };
		3F1C9B8117B5AF9100CD5C88 /* deepSpaceCamera.h */ = {isa = PBXFileReference; fileEncoding = 4; lastKnownFileType = sourcecode.c.h; path = deepSpaceCamera.h; sourceTree = "<group>"; };
		3F1C9B8217B5AF9100CD5C88 /* deepSpaceCamera.m */ = {isa = PBXFileReference; fileEncoding = 4; lastKnownFileType = sourcecode.c.objc; path = deepSpaceCamera.m; sourceTree = "<group>"; };
		3F1C9B8417B5AF9F00CD5C88 /* SLRCamera.h */ = {isa = PBXFileReference; fileEncoding = 4; lastKnownFileType = sourcecode.c.h; path = SLRCamera.h; sourceTree = "<group>"; };
		3F1C9B8517B5AF9F00CD5C88 /* SLRCamera.m */ = {isa = PBXFileReference; fileEncoding = 4; lastKnownFileType = sourcecode.c.objc; path = SLRCamera.m; sourceTree = "<group>"; };
/* End PBXFileReference section */

/* Begin PBXFrameworksBuildPhase section */
		3F1C9B4F17B5A36B00CD5C88 /* Frameworks */ = {
			isa = PBXFrameworksBuildPhase;
			buildActionMask = 2147483647;
			files = (
				3F1C9B5617B5A36B00CD5C88 /* UIKit.framework in Frameworks */,
				3F1C9B5817B5A36B00CD5C88 /* Foundation.framework in Frameworks */,
				3F1C9B5A17B5A36B00CD5C88 /* CoreGraphics.framework in Frameworks */,
			);
			runOnlyForDeploymentPostprocessing = 0;
		};
/* End PBXFrameworksBuildPhase section */

/* Begin PBXGroup section */
		3F1C9B4917B5A36B00CD5C88 = {
			isa = PBXGroup;
			children = (
				3F1C9B5B17B5A36B00CD5C88 /* AstroCamera */,
				3F1C9B5417B5A36B00CD5C88 /* Frameworks */,
				3F1C9B5317B5A36B00CD5C88 /* Products */,
			);
			sourceTree = "<group>";
		};
		3F1C9B5317B5A36B00CD5C88 /* Products */ = {
			isa = PBXGroup;
			children = (
				3F1C9B5217B5A36B00CD5C88 /* AstroCamera.app */,
			);
			name = Products;
			sourceTree = "<group>";
		};
		3F1C9B5417B5A36B00CD5C88 /* Frameworks */ = {
			isa = PBXGroup;
			children = (
				3F1C9B5517B5A36B00CD5C88 /* UIKit.framework */,
				3F1C9B5717B5A36B00CD5C88 /* Foundation.framework */,
				3F1C9B5917B5A36B00CD5C88 /* CoreGraphics.framework */,
			);
			name = Frameworks;
			sourceTree = "<group>";
		};
		3F1C9B5B17B5A36B00CD5C88 /* AstroCamera */ = {
			isa = PBXGroup;
			children = (
				3F1C9B6417B5A36B00CD5C88 /* AppDelegate.h */,
				3F1C9B6517B5A36B00CD5C88 /* AppDelegate.m */,
				3F1C9B6D17B5A36B00CD5C88 /* ViewController.h */,
				3F1C9B6E17B5A36B00CD5C88 /* ViewController.m */,
				3F1C9B7017B5A36B00CD5C88 /* ViewController.xib */,
				3F1C9B5C17B5A36B00CD5C88 /* Supporting Files */,
				3F1C9B7817B5A81F00CD5C88 /* baseCamera.h */,
				3F1C9B7917B5A81F00CD5C88 /* baseCamera.m */,
				3F1C9B7B17B5AC0C00CD5C88 /* cameraFactory.h */,
				3F1C9B7C17B5AC0C00CD5C88 /* cameraFactory.m */,
				3F1C9B7E17B5AF7700CD5C88 /* planetaryCamera.h */,
				3F1C9B7F17B5AF7700CD5C88 /* planetaryCamera.m */,
				3F1C9B8117B5AF9100CD5C88 /* deepSpaceCamera.h */,
				3F1C9B8217B5AF9100CD5C88 /* deepSpaceCamera.m */,
				3F1C9B8417B5AF9F00CD5C88 /* SLRCamera.h */,
				3F1C9B8517B5AF9F00CD5C88 /* SLRCamera.m */,
			);
			path = AstroCamera;
			sourceTree = "<group>";
		};
		3F1C9B5C17B5A36B00CD5C88 /* Supporting Files */ = {
			isa = PBXGroup;
			children = (
				3F1C9B5D17B5A36B00CD5C88 /* AstroCamera-Info.plist */,
				3F1C9B5E17B5A36B00CD5C88 /* InfoPlist.strings */,
				3F1C9B6117B5A36B00CD5C88 /* main.m */,
				3F1C9B6317B5A36B00CD5C88 /* AstroCamera-Prefix.pch */,
				3F1C9B6717B5A36B00CD5C88 /* Default.png */,
				3F1C9B6917B5A36B00CD5C88 /* Default@2x.png */,
				3F1C9B6B17B5A36B00CD5C88 /* Default-568h@2x.png */,
			);
			name = "Supporting Files";
			sourceTree = "<group>";
		};
/* End PBXGroup section */

/* Begin PBXNativeTarget section */
		3F1C9B5117B5A36B00CD5C88 /* AstroCamera */ = {
			isa = PBXNativeTarget;
			buildConfigurationList = 3F1C9B7517B5A36B00CD5C88 /* Build configuration list for PBXNativeTarget "AstroCamera" */;
			buildPhases = (
				3F1C9B4E17B5A36B00CD5C88 /* Sources */,
				3F1C9B4F17B5A36B00CD5C88 /* Frameworks */,
				3F1C9B5017B5A36B00CD5C88 /* Resources */,
			);
			buildRules = (
			);
			dependencies = (
			);
			name = AstroCamera;
			productName = AstroCamera;
			productReference = 3F1C9B5217B5A36B00CD5C88 /* AstroCamera.app */;
			productType = "com.apple.product-type.application";
		};
/* End PBXNativeTarget section */

/* Begin PBXProject section */
		3F1C9B4A17B5A36B00CD5C88 /* Project object */ = {
			isa = PBXProject;
			attributes = {
				LastUpgradeCheck = 0460;
				ORGANIZATIONNAME = "Wesley Seago";
			};
			buildConfigurationList = 3F1C9B4D17B5A36B00CD5C88 /* Build configuration list for PBXProject "AstroCamera" */;
			compatibilityVersion = "Xcode 3.2";
			developmentRegion = English;
			hasScannedForEncodings = 0;
			knownRegions = (
				en,
			);
			mainGroup = 3F1C9B4917B5A36B00CD5C88;
			productRefGroup = 3F1C9B5317B5A36B00CD5C88 /* Products */;
			projectDirPath = "";
			projectRoot = "";
			targets = (
				3F1C9B5117B5A36B00CD5C88 /* AstroCamera */,
			);
		};
/* End PBXProject section */

/* Begin PBXResourcesBuildPhase section */
		3F1C9B5017B5A36B00CD5C88 /* Resources */ = {
			isa = PBXResourcesBuildPhase;
			buildActionMask = 2147483647;
			files = (
				3F1C9B6017B5A36B00CD5C88 /* InfoPlist.strings in Resources */,
				3F1C9B6817B5A36B00CD5C88 /* Default.png in Resources */,
				3F1C9B6A17B5A36B00CD5C88 /* Default@2x.png in Resources */,
				3F1C9B6C17B5A36B00CD5C88 /* Default-568h@2x.png in Resources */,
				3F1C9B7217B5A36B00CD5C88 /* ViewController.xib in Resources */,
			);
			runOnlyForDeploymentPostprocessing = 0;
		};
/* End PBXResourcesBuildPhase section */

/* Begin PBXSourcesBuildPhase section */
		3F1C9B4E17B5A36B00CD5C88 /* Sources */ = {
			isa = PBXSourcesBuildPhase;
			buildActionMask = 2147483647;
			files = (
				3F1C9B6217B5A36B00CD5C88 /* main.m in Sources */,
				3F1C9B6617B5A36B00CD5C88 /* AppDelegate.m in Sources */,
				3F1C9B6F17B5A36B00CD5C88 /* ViewController.m in Sources */,
				3F1C9B7A17B5A81F00CD5C88 /* baseCamera.m in Sources */,
				3F1C9B7D17B5AC0C00CD5C88 /* cameraFactory.m in Sources */,
				3F1C9B8017B5AF7700CD5C88 /* planetaryCamera.m in Sources */,
				3F1C9B8317B5AF9100CD5C88 /* deepSpaceCamera.m in Sources */,
				3F1C9B8617B5AF9F00CD5C88 /* SLRCamera.m in Sources */,
			);
			runOnlyForDeploymentPostprocessing = 0;
		};
/* End PBXSourcesBuildPhase section */

/* Begin PBXVariantGroup section */
		3F1C9B5E17B5A36B00CD5C88 /* InfoPlist.strings */ = {
			isa = PBXVariantGroup;
			children = (
				3F1C9B5F17B5A36B00CD5C88 /* en */,
			);
			name = InfoPlist.strings;
			sourceTree = "<group>";
		};
		3F1C9B7017B5A36B00CD5C88 /* ViewController.xib */ = {
			isa = PBXVariantGroup;
			children = (
				3F1C9B7117B5A36B00CD5C88 /* en */,
			);
			name = ViewController.xib;
			sourceTree = "<group>";
		};
/* End PBXVariantGroup section */

/* Begin XCBuildConfiguration section */
		3F1C9B7317B5A36B00CD5C88 /* Debug */ = {
			isa = XCBuildConfiguration;
			buildSettings = {
				ALWAYS_SEARCH_USER_PATHS = NO;
				CLANG_CXX_LANGUAGE_STANDARD = "gnu++0x";
				CLANG_CXX_LIBRARY = "libc++";
				CLANG_WARN_CONSTANT_CONVERSION = YES;
				CLANG_WARN_EMPTY_BODY = YES;
				CLANG_WARN_ENUM_CONVERSION = YES;
				CLANG_WARN_INT_CONVERSION = YES;
				CLANG_WARN__DUPLICATE_METHOD_MATCH = YES;
				"CODE_SIGN_IDENTITY[sdk=iphoneos*]" = "iPhone Developer";
				COPY_PHASE_STRIP = NO;
				GCC_C_LANGUAGE_STANDARD = gnu99;
				GCC_DYNAMIC_NO_PIC = NO;
				GCC_OPTIMIZATION_LEVEL = 0;
				GCC_PREPROCESSOR_DEFINITIONS = (
					"DEBUG=1",
					"$(inherited)",
				);
				GCC_SYMBOLS_PRIVATE_EXTERN = NO;
				GCC_WARN_ABOUT_RETURN_TYPE = YES;
				GCC_WARN_UNINITIALIZED_AUTOS = YES;
				GCC_WARN_UNUSED_VARIABLE = YES;
				IPHONEOS_DEPLOYMENT_TARGET = 6.1;
				ONLY_ACTIVE_ARCH = YES;
				SDKROOT = iphoneos;
			};
			name = Debug;
		};
		3F1C9B7417B5A36B00CD5C88 /* Release */ = {
			isa = XCBuildConfiguration;
			buildSettings = {
				ALWAYS_SEARCH_USER_PATHS = NO;
				CLANG_CXX_LANGUAGE_STANDARD = "gnu++0x";
				CLANG_CXX_LIBRARY = "libc++";
				CLANG_WARN_CONSTANT_CONVERSION = YES;
				CLANG_WARN_EMPTY_BODY = YES;
				CLANG_WARN_ENUM_CONVERSION = YES;
				CLANG_WARN_INT_CONVERSION = YES;
				CLANG_WARN__DUPLICATE_METHOD_MATCH = YES;
				"CODE_SIGN_IDENTITY[sdk=iphoneos*]" = "iPhone Developer";
				COPY_PHASE_STRIP = YES;
				GCC_C_LANGUAGE_STANDARD = gnu99;
				GCC_WARN_ABOUT_RETURN_TYPE = YES;
				GCC_WARN_UNINITIALIZED_AUTOS = YES;
				GCC_WARN_UNUSED_VARIABLE = YES;
				IPHONEOS_DEPLOYMENT_TARGET = 6.1;
				OTHER_CFLAGS = "-DNS_BLOCK_ASSERTIONS=1";
				SDKROOT = iphoneos;
				VALIDATE_PRODUCT = YES;
			};
			name = Release;
		};
		3F1C9B7617B5A36B00CD5C88 /* Debug */ = {
			isa = XCBuildConfiguration;
			buildSettings = {
				GCC_PRECOMPILE_PREFIX_HEADER = YES;
				GCC_PREFIX_HEADER = "AstroCamera/AstroCamera-Prefix.pch";
				INFOPLIST_FILE = "AstroCamera/AstroCamera-Info.plist";
				IPHONEOS_DEPLOYMENT_TARGET = 5.1;
				PRODUCT_NAME = "$(TARGET_NAME)";
				WRAPPER_EXTENSION = app;
			};
			name = Debug;
		};
		3F1C9B7717B5A36B00CD5C88 /* Release */ = {
			isa = XCBuildConfiguration;
			buildSettings = {
				GCC_PRECOMPILE_PREFIX_HEADER = YES;
				GCC_PREFIX_HEADER = "AstroCamera/AstroCamera-Prefix.pch";
				INFOPLIST_FILE = "AstroCamera/AstroCamera-Info.plist";
				IPHONEOS_DEPLOYMENT_TARGET = 5.1;
				PRODUCT_NAME = "$(TARGET_NAME)";
				WRAPPER_EXTENSION = app;
			};
			name = Release;
		};
/* End XCBuildConfiguration section */

/* Begin XCConfigurationList section */
		3F1C9B4D17B5A36B00CD5C88 /* Build configuration list for PBXProject "AstroCamera" */ = {
			isa = XCConfigurationList;
			buildConfigurations = (
				3F1C9B7317B5A36B00CD5C88 /* Debug */,
				3F1C9B7417B5A36B00CD5C88 /* Release */,
			);
			defaultConfigurationIsVisible = 0;
			defaultConfigurationName = Release;
		};
		3F1C9B7517B5A36B00CD5C88 /* Build configuration list for PBXNativeTarget "AstroCamera" */ = {
			isa = XCConfigurationList;
			buildConfigurations = (
				3F1C9B7617B5A36B00CD5C88 /* Debug */,
				3F1C9B7717B5A36B00CD5C88 /* Release */,
			);
			defaultConfigurationIsVisible = 0;
			defaultConfigurationName = Release;
		};
/* End XCConfigurationList section */
	};
	rootObject = 3F1C9B4A17B5A36B00CD5C88 /* Project object */;
}
